
Microsoft Visual Studio Solution File, Format Version 12.00
# Visual Studio 15
VisualStudioVersion = 15.0.28307.539
MinimumVisualStudioVersion = 10.0.40219.1
Project("{FAE04EC0-301F-11D3-BF4B-00C04F79EFBC}") = "AUMCStudio", "AUMCStudio\AUMCStudio.csproj", "{8FD7B6CE-350A-45B7-9900-68DE76AD833F}"
EndProject
Project("{FAE04EC0-301F-11D3-BF4B-00C04F79EFBC}") = "SqlAzureUserManagement", "SqlAzureUserManagement\SqlAzureUserManagement.csproj", "{100B625A-574F-4F92-BC6F-72322BA2F585}"
EndProject
Global
	GlobalSection(SolutionConfigurationPlatforms) = preSolution
		Debug|Any CPU = Debug|Any CPU
		Debug|Mixed Platforms = Debug|Mixed Platforms
		Debug|x86 = Debug|x86
		Release|Any CPU = Release|Any CPU
		Release|Mixed Platforms = Release|Mixed Platforms
		Release|x86 = Release|x86
	EndGlobalSection
	GlobalSection(ProjectConfigurationPlatforms) = postSolution
		{8FD7B6CE-350A-45B7-9900-68DE76AD833F}.Debug|Any CPU.ActiveCfg = Debug|x86
		{8FD7B6CE-350A-45B7-9900-68DE76AD833F}.Debug|Mixed Platforms.ActiveCfg = Debug|x86
		{8FD7B6CE-350A-45B7-9900-68DE76AD833F}.Debug|Mixed Platforms.Build.0 = Debug|x86
		{8FD7B6CE-350A-45B7-9900-68DE76AD833F}.Debug|x86.ActiveCfg = Debug|x86
		{8FD7B6CE-350A-45B7-9900-68DE76AD833F}.Debug|x86.Build.0 = Debug|x86
		{8FD7B6CE-350A-45B7-9900-68DE76AD833F}.Release|Any CPU.ActiveCfg = Release|x86
		{8FD7B6CE-350A-45B7-9900-68DE76AD833F}.Release|Mixed Platforms.ActiveCfg = Release|x86
		{8FD7B6CE-350A-45B7-9900-68DE76AD833F}.Release|Mixed Platforms.Build.0 = Release|x86
		{8FD7B6CE-350A-45B7-9900-68DE76AD833F}.Release|x86.ActiveCfg = Release|x86
		{8FD7B6CE-350A-45B7-9900-68DE76AD833F}.Release|x86.Build.0 = Release|x86
		{100B625A-574F-4F92-BC6F-72322BA2F585}.Debug|Any CPU.ActiveCfg = Debug|Any CPU
		{100B625A-574F-4F92-BC6F-72322BA2F585}.Debug|Any CPU.Build.0 = Debug|Any CPU
		{100B625A-574F-4F92-BC6F-72322BA2F585}.Debug|Mixed Platforms.ActiveCfg = Debug|Any CPU
		{100B625A-574F-4F92-BC6F-72322BA2F585}.Debug|Mixed Platforms.Build.0 = Debug|Any CPU
		{100B625A-574F-4F92-BC6F-72322BA2F585}.Debug|x86.ActiveCfg = Debug|Any CPU
		{100B625A-574F-4F92-BC6F-72322BA2F585}.Release|Any CPU.ActiveCfg = Release|Any CPU
		{100B625A-574F-4F92-BC6F-72322BA2F585}.Release|Any CPU.Build.0 = Release|Any CPU
		{100B625A-574F-4F92-BC6F-72322BA2F585}.Release|Mixed Platforms.ActiveCfg = Release|Any CPU
		{100B625A-574F-4F92-BC6F-72322BA2F585}.Release|Mixed Platforms.Build.0 = Release|Any CPU
		{100B625A-574F-4F92-BC6F-72322BA2F585}.Release|x86.ActiveCfg = Release|Any CPU
	EndGlobalSection
	GlobalSection(SolutionProperties) = preSolution
		HideSolutionNode = FALSE
	EndGlobalSection
	GlobalSection(ExtensibilityGlobals) = postSolution
		SolutionGuid = {35CCF14F-BF8F-4C0A-B0CB-899E68E45633}
	EndGlobalSection
EndGlobal
